
Microsoft Visual Studio Solution File, Format Version 12.00
# Visual Studio Version 17
VisualStudioVersion = 17.8.34408.163
MinimumVisualStudioVersion = 10.0.40219.1
Project("{9A19103F-16F7-4668-BE54-9A1E7A4F7556}") = "cSharpCourse.consoleApp", "cSharpCourse.consoleApp\cSharpCourse.consoleApp.csproj", "{4D800335-404A-44D6-98C1-DFC456C59314}"
EndProject
Project("{9A19103F-16F7-4668-BE54-9A1E7A4F7556}") = "cSharpCourse.core", "cShrpCourse.core\cSharpCourse.core.csproj", "{77853FD5-C132-4DB6-8E0C-14B90F3EA423}"
EndProject
Project("{FAE04EC0-301F-11D3-BF4B-00C04F79EFBC}") = "problemSolving.codeforces", "problemSolving.codeforces\problemSolving.codeforces.csproj", "{DC259C9A-E984-4E3F-A86A-24810294F004}"
EndProject
Global
	GlobalSection(SolutionConfigurationPlatforms) = preSolution
		Debug|Any CPU = Debug|Any CPU
		Release|Any CPU = Release|Any CPU
	EndGlobalSection
	GlobalSection(ProjectConfigurationPlatforms) = postSolution
		{4D800335-404A-44D6-98C1-DFC456C59314}.Debug|Any CPU.ActiveCfg = Debug|Any CPU
		{4D800335-404A-44D6-98C1-DFC456C59314}.Debug|Any CPU.Build.0 = Debug|Any CPU
		{4D800335-404A-44D6-98C1-DFC456C59314}.Release|Any CPU.ActiveCfg = Release|Any CPU
		{4D800335-404A-44D6-98C1-DFC456C59314}.Release|Any CPU.Build.0 = Release|Any CPU
		{77853FD5-C132-4DB6-8E0C-14B90F3EA423}.Debug|Any CPU.ActiveCfg = Debug|Any CPU
		{77853FD5-C132-4DB6-8E0C-14B90F3EA423}.Debug|Any CPU.Build.0 = Debug|Any CPU
		{77853FD5-C132-4DB6-8E0C-14B90F3EA423}.Release|Any CPU.ActiveCfg = Release|Any CPU
		{77853FD5-C132-4DB6-8E0C-14B90F3EA423}.Release|Any CPU.Build.0 = Release|Any CPU
		{DC259C9A-E984-4E3F-A86A-24810294F004}.Debug|Any CPU.ActiveCfg = Debug|Any CPU
		{DC259C9A-E984-4E3F-A86A-24810294F004}.Debug|Any CPU.Build.0 = Debug|Any CPU
		{DC259C9A-E984-4E3F-A86A-24810294F004}.Release|Any CPU.ActiveCfg = Release|Any CPU
		{DC259C9A-E984-4E3F-A86A-24810294F004}.Release|Any CPU.Build.0 = Release|Any CPU
	EndGlobalSection
	GlobalSection(SolutionProperties) = preSolution
		HideSolutionNode = FALSE
	EndGlobalSection
	GlobalSection(ExtensibilityGlobals) = postSolution
		SolutionGuid = {B416F9CD-D052-4C20-945F-8D926D5D7864}
	EndGlobalSection
EndGlobal
